// !$*UTF8*$!
{
	archiveVersion = 1;
	classes = {
	};
	objectVersion = 56;
	objects = {

/* Begin PBXBuildFile section */
		9DA711902A431F2F00FCBB1E /* AppDelegate.swift in Sources */ = {isa = PBXBuildFile; fileRef = 9DA7118F2A431F2F00FCBB1E /* AppDelegate.swift */; };
		9DA711922A431F2F00FCBB1E /* SceneDelegate.swift in Sources */ = {isa = PBXBuildFile; fileRef = 9DA711912A431F2F00FCBB1E /* SceneDelegate.swift */; };
		9DA711942A431F2F00FCBB1E /* ViewController.swift in Sources */ = {isa = PBXBuildFile; fileRef = 9DA711932A431F2F00FCBB1E /* ViewController.swift */; };
		9DA711972A431F2F00FCBB1E /* Main.storyboard in Resources */ = {isa = PBXBuildFile; fileRef = 9DA711952A431F2F00FCBB1E /* Main.storyboard */; };
		9DA711992A431F3200FCBB1E /* Assets.xcassets in Resources */ = {isa = PBXBuildFile; fileRef = 9DA711982A431F3200FCBB1E /* Assets.xcassets */; };
		9DA7119C2A431F3200FCBB1E /* LaunchScreen.storyboard in Resources */ = {isa = PBXBuildFile; fileRef = 9DA7119A2A431F3200FCBB1E /* LaunchScreen.storyboard */; };
		9DA711A52A431F5200FCBB1E /* QuoteCell.swift in Sources */ = {isa = PBXBuildFile; fileRef = 9DA711A32A431F5100FCBB1E /* QuoteCell.swift */; };
		9DA711A62A431F5200FCBB1E /* QuoteCell.xib in Resources */ = {isa = PBXBuildFile; fileRef = 9DA711A42A431F5100FCBB1E /* QuoteCell.xib */; };
		9DA711A82A43268C00FCBB1E /* QuotesModel.swift in Sources */ = {isa = PBXBuildFile; fileRef = 9DA711A72A43268C00FCBB1E /* QuotesModel.swift */; };
		9DA711AC2A4327DD00FCBB1E /* Service.swift in Sources */ = {isa = PBXBuildFile; fileRef = 9DA711AB2A4327DD00FCBB1E /* Service.swift */; };
		9DA711AF2A432E3A00FCBB1E /* QuotesViewModel.swift in Sources */ = {isa = PBXBuildFile; fileRef = 9DA711AE2A432E3A00FCBB1E /* QuotesViewModel.swift */; };
		9DD08C282A43698D0092E16A /* breaking bad.json in Resources */ = {isa = PBXBuildFile; fileRef = 9DD08C272A43698D0092E16A /* breaking bad.json */; };
		9DD08C2A2A4369CF0092E16A /* LandingViewController.swift in Sources */ = {isa = PBXBuildFile; fileRef = 9DD08C292A4369CF0092E16A /* LandingViewController.swift */; };
		9DD08C2D2A436A980092E16A /* Lottie in Frameworks */ = {isa = PBXBuildFile; productRef = 9DD08C2C2A436A980092E16A /* Lottie */; };
/* End PBXBuildFile section */

/* Begin PBXFileReference section */
		9DA7118C2A431F2F00FCBB1E /* Breaking Bad.app */ = {isa = PBXFileReference; explicitFileType = wrapper.application; includeInIndex = 0; path = "Breaking Bad.app"; sourceTree = BUILT_PRODUCTS_DIR; };
		9DA7118F2A431F2F00FCBB1E /* AppDelegate.swift */ = {isa = PBXFileReference; lastKnownFileType = sourcecode.swift; path = AppDelegate.swift; sourceTree = "<group>"; };
		9DA711912A431F2F00FCBB1E /* SceneDelegate.swift */ = {isa = PBXFileReference; lastKnownFileType = sourcecode.swift; path = SceneDelegate.swift; sourceTree = "<group>"; };
		9DA711932A431F2F00FCBB1E /* ViewController.swift */ = {isa = PBXFileReference; lastKnownFileType = sourcecode.swift; path = ViewController.swift; sourceTree = "<group>"; };
		9DA711962A431F2F00FCBB1E /* Base */ = {isa = PBXFileReference; lastKnownFileType = file.storyboard; name = Base; path = Base.lproj/Main.storyboard; sourceTree = "<group>"; };
		9DA711982A431F3200FCBB1E /* Assets.xcassets */ = {isa = PBXFileReference; lastKnownFileType = folder.assetcatalog; path = Assets.xcassets; sourceTree = "<group>"; };
		9DA7119B2A431F3200FCBB1E /* Base */ = {isa = PBXFileReference; lastKnownFileType = file.storyboard; name = Base; path = Base.lproj/LaunchScreen.storyboard; sourceTree = "<group>"; };
		9DA7119D2A431F3200FCBB1E /* Info.plist */ = {isa = PBXFileReference; lastKnownFileType = text.plist.xml; path = Info.plist; sourceTree = "<group>"; };
		9DA711A32A431F5100FCBB1E /* QuoteCell.swift */ = {isa = PBXFileReference; lastKnownFileType = sourcecode.swift; path = QuoteCell.swift; sourceTree = "<group>"; };
		9DA711A42A431F5100FCBB1E /* QuoteCell.xib */ = {isa = PBXFileReference; lastKnownFileType = file.xib; path = QuoteCell.xib; sourceTree = "<group>"; };
		9DA711A72A43268C00FCBB1E /* QuotesModel.swift */ = {isa = PBXFileReference; lastKnownFileType = sourcecode.swift; path = QuotesModel.swift; sourceTree = "<group>"; };
		9DA711AB2A4327DD00FCBB1E /* Service.swift */ = {isa = PBXFileReference; lastKnownFileType = sourcecode.swift; path = Service.swift; sourceTree = "<group>"; };
		9DA711AE2A432E3A00FCBB1E /* QuotesViewModel.swift */ = {isa = PBXFileReference; lastKnownFileType = sourcecode.swift; path = QuotesViewModel.swift; sourceTree = "<group>"; };
		9DD08C272A43698D0092E16A /* breaking bad.json */ = {isa = PBXFileReference; fileEncoding = 4; lastKnownFileType = text.json; path = "breaking bad.json"; sourceTree = "<group>"; };
		9DD08C292A4369CF0092E16A /* LandingViewController.swift */ = {isa = PBXFileReference; lastKnownFileType = sourcecode.swift; path = LandingViewController.swift; sourceTree = "<group>"; };
/* End PBXFileReference section */

/* Begin PBXFrameworksBuildPhase section */
		9DA711892A431F2F00FCBB1E /* Frameworks */ = {
			isa = PBXFrameworksBuildPhase;
			buildActionMask = 2147483647;
			files = (
				9DD08C2D2A436A980092E16A /* Lottie in Frameworks */,
			);
			runOnlyForDeploymentPostprocessing = 0;
		};
/* End PBXFrameworksBuildPhase section */

/* Begin PBXGroup section */
		9D63803B2A46E71F00959989 /* View */ = {
			isa = PBXGroup;
			children = (
				9DA711952A431F2F00FCBB1E /* Main.storyboard */,
				9DA7119A2A431F3200FCBB1E /* LaunchScreen.storyboard */,
				9DA711932A431F2F00FCBB1E /* ViewController.swift */,
				9DD08C292A4369CF0092E16A /* LandingViewController.swift */,
			);
			path = View;
			sourceTree = "<group>";
		};
		9D63803C2A46E77400959989 /* View Model */ = {
			isa = PBXGroup;
			children = (
				9DA711AE2A432E3A00FCBB1E /* QuotesViewModel.swift */,
			);
			path = "View Model";
			sourceTree = "<group>";
		};
		9DA711832A431F2F00FCBB1E = {
			isa = PBXGroup;
			children = (
				9DA7118E2A431F2F00FCBB1E /* Breaking Bad */,
				9DA7118D2A431F2F00FCBB1E /* Products */,
			);
			sourceTree = "<group>";
		};
		9DA7118D2A431F2F00FCBB1E /* Products */ = {
			isa = PBXGroup;
			children = (
				9DA7118C2A431F2F00FCBB1E /* Breaking Bad.app */,
			);
			name = Products;
			sourceTree = "<group>";
		};
		9DA7118E2A431F2F00FCBB1E /* Breaking Bad */ = {
			isa = PBXGroup;
			children = (
				9DD08C272A43698D0092E16A /* breaking bad.json */,
				9DA7118F2A431F2F00FCBB1E /* AppDelegate.swift */,
				9DA711912A431F2F00FCBB1E /* SceneDelegate.swift */,
				9D63803B2A46E71F00959989 /* View */,
				9DA711982A431F3200FCBB1E /* Assets.xcassets */,
				9DA7119D2A431F3200FCBB1E /* Info.plist */,
				9DA711A92A43271500FCBB1E /* Cells */,
				9DA711AA2A43272400FCBB1E /* Model */,
				9DA711AD2A4327E500FCBB1E /* Service */,
				9D63803C2A46E77400959989 /* View Model */,
			);
			path = "Breaking Bad";
			sourceTree = "<group>";
		};
		9DA711A92A43271500FCBB1E /* Cells */ = {
			isa = PBXGroup;
			children = (
				9DA711A32A431F5100FCBB1E /* QuoteCell.swift */,
				9DA711A42A431F5100FCBB1E /* QuoteCell.xib */,
			);
			path = Cells;
			sourceTree = "<group>";
		};
		9DA711AA2A43272400FCBB1E /* Model */ = {
			isa = PBXGroup;
			children = (
				9DA711A72A43268C00FCBB1E /* QuotesModel.swift */,
			);
			path = Model;
			sourceTree = "<group>";
		};
		9DA711AD2A4327E500FCBB1E /* Service */ = {
			isa = PBXGroup;
			children = (
				9DA711AB2A4327DD00FCBB1E /* Service.swift */,
			);
			path = Service;
			sourceTree = "<group>";
		};
/* End PBXGroup section */

/* Begin PBXNativeTarget section */
		9DA7118B2A431F2F00FCBB1E /* Breaking Bad */ = {
			isa = PBXNativeTarget;
			buildConfigurationList = 9DA711A02A431F3200FCBB1E /* Build configuration list for PBXNativeTarget "Breaking Bad" */;
			buildPhases = (
				9DA711882A431F2F00FCBB1E /* Sources */,
				9DA711892A431F2F00FCBB1E /* Frameworks */,
				9DA7118A2A431F2F00FCBB1E /* Resources */,
			);
			buildRules = (
			);
			dependencies = (
			);
			name = "Breaking Bad";
			packageProductDependencies = (
				9DD08C2C2A436A980092E16A /* Lottie */,
			);
			productName = "Breaking Bad";
			productReference = 9DA7118C2A431F2F00FCBB1E /* Breaking Bad.app */;
			productType = "com.apple.product-type.application";
		};
/* End PBXNativeTarget section */

/* Begin PBXProject section */
		9DA711842A431F2F00FCBB1E /* Project object */ = {
			isa = PBXProject;
			attributes = {
				BuildIndependentTargetsInParallel = 1;
				LastSwiftUpdateCheck = 1430;
				LastUpgradeCheck = 1430;
				TargetAttributes = {
					9DA7118B2A431F2F00FCBB1E = {
						CreatedOnToolsVersion = 14.3.1;
					};
				};
			};
			buildConfigurationList = 9DA711872A431F2F00FCBB1E /* Build configuration list for PBXProject "Breaking Bad" */;
			compatibilityVersion = "Xcode 14.0";
			developmentRegion = en;
			hasScannedForEncodings = 0;
			knownRegions = (
				en,
				Base,
			);
			mainGroup = 9DA711832A431F2F00FCBB1E;
			packageReferences = (
				9DD08C2B2A436A980092E16A /* XCRemoteSwiftPackageReference "lottie-ios" */,
			);
			productRefGroup = 9DA7118D2A431F2F00FCBB1E /* Products */;
			projectDirPath = "";
			projectRoot = "";
			targets = (
				9DA7118B2A431F2F00FCBB1E /* Breaking Bad */,
			);
		};
/* End PBXProject section */

/* Begin PBXResourcesBuildPhase section */
		9DA7118A2A431F2F00FCBB1E /* Resources */ = {
			isa = PBXResourcesBuildPhase;
			buildActionMask = 2147483647;
			files = (
				9DA711A62A431F5200FCBB1E /* QuoteCell.xib in Resources */,
				9DA7119C2A431F3200FCBB1E /* LaunchScreen.storyboard in Resources */,
				9DA711992A431F3200FCBB1E /* Assets.xcassets in Resources */,
				9DD08C282A43698D0092E16A /* breaking bad.json in Resources */,
				9DA711972A431F2F00FCBB1E /* Main.storyboard in Resources */,
			);
			runOnlyForDeploymentPostprocessing = 0;
		};
/* End PBXResourcesBuildPhase section */

/* Begin PBXSourcesBuildPhase section */
		9DA711882A431F2F00FCBB1E /* Sources */ = {
			isa = PBXSourcesBuildPhase;
			buildActionMask = 2147483647;
			files = (
				9DA711A52A431F5200FCBB1E /* QuoteCell.swift in Sources */,
				9DA711942A431F2F00FCBB1E /* ViewController.swift in Sources */,
				9DD08C2A2A4369CF0092E16A /* LandingViewController.swift in Sources */,
				9DA711A82A43268C00FCBB1E /* QuotesModel.swift in Sources */,
				9DA711902A431F2F00FCBB1E /* AppDelegate.swift in Sources */,
				9DA711922A431F2F00FCBB1E /* SceneDelegate.swift in Sources */,
				9DA711AC2A4327DD00FCBB1E /* Service.swift in Sources */,
				9DA711AF2A432E3A00FCBB1E /* QuotesViewModel.swift in Sources */,
			);
			runOnlyForDeploymentPostprocessing = 0;
		};
/* End PBXSourcesBuildPhase section */

/* Begin PBXVariantGroup section */
		9DA711952A431F2F00FCBB1E /* Main.storyboard */ = {
			isa = PBXVariantGroup;
			children = (
				9DA711962A431F2F00FCBB1E /* Base */,
			);
			name = Main.storyboard;
			sourceTree = "<group>";
		};
		9DA7119A2A431F3200FCBB1E /* LaunchScreen.storyboard */ = {
			isa = PBXVariantGroup;
			children = (
				9DA7119B2A431F3200FCBB1E /* Base */,
			);
			name = LaunchScreen.storyboard;
			sourceTree = "<group>";
		};
/* End PBXVariantGroup section */

/* Begin XCBuildConfiguration section */
		9DA7119E2A431F3200FCBB1E /* Debug */ = {
			isa = XCBuildConfiguration;
			buildSettings = {
				ALWAYS_SEARCH_USER_PATHS = NO;
				CLANG_ANALYZER_NONNULL = YES;
				CLANG_ANALYZER_NUMBER_OBJECT_CONVERSION = YES_AGGRESSIVE;
				CLANG_CXX_LANGUAGE_STANDARD = "gnu++20";
				CLANG_ENABLE_MODULES = YES;
				CLANG_ENABLE_OBJC_ARC = YES;
				CLANG_ENABLE_OBJC_WEAK = YES;
				CLANG_WARN_BLOCK_CAPTURE_AUTORELEASING = YES;
				CLANG_WARN_BOOL_CONVERSION = YES;
				CLANG_WARN_COMMA = YES;
				CLANG_WARN_CONSTANT_CONVERSION = YES;
				CLANG_WARN_DEPRECATED_OBJC_IMPLEMENTATIONS = YES;
				CLANG_WARN_DIRECT_OBJC_ISA_USAGE = YES_ERROR;
				CLANG_WARN_DOCUMENTATION_COMMENTS = YES;
				CLANG_WARN_EMPTY_BODY = YES;
				CLANG_WARN_ENUM_CONVERSION = YES;
				CLANG_WARN_INFINITE_RECURSION = YES;
				CLANG_WARN_INT_CONVERSION = YES;
				CLANG_WARN_NON_LITERAL_NULL_CONVERSION = YES;
				CLANG_WARN_OBJC_IMPLICIT_RETAIN_SELF = YES;
				CLANG_WARN_OBJC_LITERAL_CONVERSION = YES;
				CLANG_WARN_OBJC_ROOT_CLASS = YES_ERROR;
				CLANG_WARN_QUOTED_INCLUDE_IN_FRAMEWORK_HEADER = YES;
				CLANG_WARN_RANGE_LOOP_ANALYSIS = YES;
				CLANG_WARN_STRICT_PROTOTYPES = YES;
				CLANG_WARN_SUSPICIOUS_MOVE = YES;
				CLANG_WARN_UNGUARDED_AVAILABILITY = YES_AGGRESSIVE;
				CLANG_WARN_UNREACHABLE_CODE = YES;
				CLANG_WARN__DUPLICATE_METHOD_MATCH = YES;
				COPY_PHASE_STRIP = NO;
				DEBUG_INFORMATION_FORMAT = dwarf;
				ENABLE_STRICT_OBJC_MSGSEND = YES;
				ENABLE_TESTABILITY = YES;
				GCC_C_LANGUAGE_STANDARD = gnu11;
				GCC_DYNAMIC_NO_PIC = NO;
				GCC_NO_COMMON_BLOCKS = YES;
				GCC_OPTIMIZATION_LEVEL = 0;
				GCC_PREPROCESSOR_DEFINITIONS = (
					"DEBUG=1",
					"$(inherited)",
				);
				GCC_WARN_64_TO_32_BIT_CONVERSION = YES;
				GCC_WARN_ABOUT_RETURN_TYPE = YES_ERROR;
				GCC_WARN_UNDECLARED_SELECTOR = YES;
				GCC_WARN_UNINITIALIZED_AUTOS = YES_AGGRESSIVE;
				GCC_WARN_UNUSED_FUNCTION = YES;
				GCC_WARN_UNUSED_VARIABLE = YES;
				IPHONEOS_DEPLOYMENT_TARGET = 16.4;
				MTL_ENABLE_DEBUG_INFO = INCLUDE_SOURCE;
				MTL_FAST_MATH = YES;
				ONLY_ACTIVE_ARCH = YES;
				SDKROOT = iphoneos;
				SWIFT_ACTIVE_COMPILATION_CONDITIONS = DEBUG;
				SWIFT_OPTIMIZATION_LEVEL = "-Onone";
			};
			name = Debug;
		};
		9DA7119F2A431F3200FCBB1E /* Release */ = {
			isa = XCBuildConfiguration;
			buildSettings = {
				ALWAYS_SEARCH_USER_PATHS = NO;
				CLANG_ANALYZER_NONNULL = YES;
				CLANG_ANALYZER_NUMBER_OBJECT_CONVERSION = YES_AGGRESSIVE;
				CLANG_CXX_LANGUAGE_STANDARD = "gnu++20";
				CLANG_ENABLE_MODULES = YES;
				CLANG_ENABLE_OBJC_ARC = YES;
				CLANG_ENABLE_OBJC_WEAK = YES;
				CLANG_WARN_BLOCK_CAPTURE_AUTORELEASING = YES;
				CLANG_WARN_BOOL_CONVERSION = YES;
				CLANG_WARN_COMMA = YES;
				CLANG_WARN_CONSTANT_CONVERSION = YES;
				CLANG_WARN_DEPRECATED_OBJC_IMPLEMENTATIONS = YES;
				CLANG_WARN_DIRECT_OBJC_ISA_USAGE = YES_ERROR;
				CLANG_WARN_DOCUMENTATION_COMMENTS = YES;
				CLANG_WARN_EMPTY_BODY = YES;
				CLANG_WARN_ENUM_CONVERSION = YES;
				CLANG_WARN_INFINITE_RECURSION = YES;
				CLANG_WARN_INT_CONVERSION = YES;
				CLANG_WARN_NON_LITERAL_NULL_CONVERSION = YES;
				CLANG_WARN_OBJC_IMPLICIT_RETAIN_SELF = YES;
				CLANG_WARN_OBJC_LITERAL_CONVERSION = YES;
				CLANG_WARN_OBJC_ROOT_CLASS = YES_ERROR;
				CLANG_WARN_QUOTED_INCLUDE_IN_FRAMEWORK_HEADER = YES;
				CLANG_WARN_RANGE_LOOP_ANALYSIS = YES;
				CLANG_WARN_STRICT_PROTOTYPES = YES;
				CLANG_WARN_SUSPICIOUS_MOVE = YES;
				CLANG_WARN_UNGUARDED_AVAILABILITY = YES_AGGRESSIVE;
				CLANG_WARN_UNREACHABLE_CODE = YES;
				CLANG_WARN__DUPLICATE_METHOD_MATCH = YES;
				COPY_PHASE_STRIP = NO;
				DEBUG_INFORMATION_FORMAT = "dwarf-with-dsym";
				ENABLE_NS_ASSERTIONS = NO;
				ENABLE_STRICT_OBJC_MSGSEND = YES;
				GCC_C_LANGUAGE_STANDARD = gnu11;
				GCC_NO_COMMON_BLOCKS = YES;
				GCC_WARN_64_TO_32_BIT_CONVERSION = YES;
				GCC_WARN_ABOUT_RETURN_TYPE = YES_ERROR;
				GCC_WARN_UNDECLARED_SELECTOR = YES;
				GCC_WARN_UNINITIALIZED_AUTOS = YES_AGGRESSIVE;
				GCC_WARN_UNUSED_FUNCTION = YES;
				GCC_WARN_UNUSED_VARIABLE = YES;
				IPHONEOS_DEPLOYMENT_TARGET = 16.4;
				MTL_ENABLE_DEBUG_INFO = NO;
				MTL_FAST_MATH = YES;
				SDKROOT = iphoneos;
				SWIFT_COMPILATION_MODE = wholemodule;
				SWIFT_OPTIMIZATION_LEVEL = "-O";
				VALIDATE_PRODUCT = YES;
			};
			name = Release;
		};
		9DA711A12A431F3200FCBB1E /* Debug */ = {
			isa = XCBuildConfiguration;
			buildSettings = {
				ASSETCATALOG_COMPILER_APPICON_NAME = AppIcon;
				ASSETCATALOG_COMPILER_GLOBAL_ACCENT_COLOR_NAME = AccentColor;
				CODE_SIGN_STYLE = Automatic;
				CURRENT_PROJECT_VERSION = 1;
				DEVELOPMENT_TEAM = 2MK2D93834;
				GENERATE_INFOPLIST_FILE = YES;
				INFOPLIST_FILE = "Breaking Bad/Info.plist";
				INFOPLIST_KEY_UIApplicationSupportsIndirectInputEvents = YES;
				INFOPLIST_KEY_UILaunchStoryboardName = LaunchScreen;
				INFOPLIST_KEY_UIMainStoryboardFile = Main;
				INFOPLIST_KEY_UISupportedInterfaceOrientations_iPad = "UIInterfaceOrientationPortrait UIInterfaceOrientationPortraitUpsideDown UIInterfaceOrientationLandscapeLeft UIInterfaceOrientationLandscapeRight";
				INFOPLIST_KEY_UISupportedInterfaceOrientations_iPhone = "UIInterfaceOrientationPortrait UIInterfaceOrientationLandscapeLeft UIInterfaceOrientationLandscapeRight";
				LD_RUNPATH_SEARCH_PATHS = (
					"$(inherited)",
					"@executable_path/Frameworks",
				);
				MARKETING_VERSION = 1.0;
				PRODUCT_BUNDLE_IDENTIFIER = "tawanda.Breaking-Bad";
				PRODUCT_NAME = "$(TARGET_NAME)";
				SWIFT_EMIT_LOC_STRINGS = YES;
				SWIFT_VERSION = 5.0;
				TARGETED_DEVICE_FAMILY = "1,2";
			};
			name = Debug;
		};
		9DA711A22A431F3200FCBB1E /* Release */ = {
			isa = XCBuildConfiguration;
			buildSettings = {
				ASSETCATALOG_COMPILER_APPICON_NAME = AppIcon;
				ASSETCATALOG_COMPILER_GLOBAL_ACCENT_COLOR_NAME = AccentColor;
				CODE_SIGN_STYLE = Automatic;
				CURRENT_PROJECT_VERSION = 1;
				DEVELOPMENT_TEAM = 2MK2D93834;
				GENERATE_INFOPLIST_FILE = YES;
				INFOPLIST_FILE = "Breaking Bad/Info.plist";
				INFOPLIST_KEY_UIApplicationSupportsIndirectInputEvents = YES;
				INFOPLIST_KEY_UILaunchStoryboardName = LaunchScreen;
				INFOPLIST_KEY_UIMainStoryboardFile = Main;
				INFOPLIST_KEY_UISupportedInterfaceOrientations_iPad = "UIInterfaceOrientationPortrait UIInterfaceOrientationPortraitUpsideDown UIInterfaceOrientationLandscapeLeft UIInterfaceOrientationLandscapeRight";
				INFOPLIST_KEY_UISupportedInterfaceOrientations_iPhone = "UIInterfaceOrientationPortrait UIInterfaceOrientationLandscapeLeft UIInterfaceOrientationLandscapeRight";
				LD_RUNPATH_SEARCH_PATHS = (
					"$(inherited)",
					"@executable_path/Frameworks",
				);
				MARKETING_VERSION = 1.0;
				PRODUCT_BUNDLE_IDENTIFIER = "tawanda.Breaking-Bad";
				PRODUCT_NAME = "$(TARGET_NAME)";
				SWIFT_EMIT_LOC_STRINGS = YES;
				SWIFT_VERSION = 5.0;
				TARGETED_DEVICE_FAMILY = "1,2";
			};
			name = Release;
		};
/* End XCBuildConfiguration section */

/* Begin XCConfigurationList section */
		9DA711872A431F2F00FCBB1E /* Build configuration list for PBXProject "Breaking Bad" */ = {
			isa = XCConfigurationList;
			buildConfigurations = (
				9DA7119E2A431F3200FCBB1E /* Debug */,
				9DA7119F2A431F3200FCBB1E /* Release */,
			);
			defaultConfigurationIsVisible = 0;
			defaultConfigurationName = Release;
		};
		9DA711A02A431F3200FCBB1E /* Build configuration list for PBXNativeTarget "Breaking Bad" */ = {
			isa = XCConfigurationList;
			buildConfigurations = (
				9DA711A12A431F3200FCBB1E /* Debug */,
				9DA711A22A431F3200FCBB1E /* Release */,
			);
			defaultConfigurationIsVisible = 0;
			defaultConfigurationName = Release;
		};
/* End XCConfigurationList section */

/* Begin XCRemoteSwiftPackageReference section */
		9DD08C2B2A436A980092E16A /* XCRemoteSwiftPackageReference "lottie-ios" */ = {
			isa = XCRemoteSwiftPackageReference;
			repositoryURL = "https://github.com/airbnb/lottie-ios.git";
			requirement = {
				kind = upToNextMajorVersion;
				minimumVersion = 4.0.0;
			};
		};
/* End XCRemoteSwiftPackageReference section */

/* Begin XCSwiftPackageProductDependency section */
		9DD08C2C2A436A980092E16A /* Lottie */ = {
			isa = XCSwiftPackageProductDependency;
			package = 9DD08C2B2A436A980092E16A /* XCRemoteSwiftPackageReference "lottie-ios" */;
			productName = Lottie;
		};
/* End XCSwiftPackageProductDependency section */
	};
	rootObject = 9DA711842A431F2F00FCBB1E /* Project object */;
}
